
Microsoft Visual Studio Solution File, Format Version 12.00
# Visual Studio 15
VisualStudioVersion = 15.0.27703.2035
MinimumVisualStudioVersion = 10.0.40219.1
Project("{9A19103F-16F7-4668-BE54-9A1E7A4F7556}") = "ClickHouse.Net", "src\ClickHouse.Net\ClickHouse.Net.csproj", "{48A641F6-A221-4ABC-A237-37FF18A88F7F}"
EndProject
Project("{9A19103F-16F7-4668-BE54-9A1E7A4F7556}") = "ClickHouse.Net.Tests", "test\ClickHouse.Net.Tests\ClickHouse.Net.Tests.csproj", "{1941C0E0-991A-4251-9589-9845708F42D6}"
EndProject
Project("{FAE04EC0-301F-11D3-BF4B-00C04F79EFBC}") = "ClickHouse.Net.Demo", "src\ClickHouse.Net.Demo\ClickHouse.Net.Demo.csproj", "{79B0D602-F483-4FD3-8CCA-09A391DC60EF}"
EndProject
Global
	GlobalSection(SolutionConfigurationPlatforms) = preSolution
		Debug|Any CPU = Debug|Any CPU
		Release|Any CPU = Release|Any CPU
	EndGlobalSection
	GlobalSection(ProjectConfigurationPlatforms) = postSolution
		{48A641F6-A221-4ABC-A237-37FF18A88F7F}.Debug|Any CPU.ActiveCfg = Debug|Any CPU
		{48A641F6-A221-4ABC-A237-37FF18A88F7F}.Debug|Any CPU.Build.0 = Debug|Any CPU
		{48A641F6-A221-4ABC-A237-37FF18A88F7F}.Release|Any CPU.ActiveCfg = Release|Any CPU
		{48A641F6-A221-4ABC-A237-37FF18A88F7F}.Release|Any CPU.Build.0 = Release|Any CPU
		{1941C0E0-991A-4251-9589-9845708F42D6}.Debug|Any CPU.ActiveCfg = Debug|Any CPU
		{1941C0E0-991A-4251-9589-9845708F42D6}.Debug|Any CPU.Build.0 = Debug|Any CPU
		{1941C0E0-991A-4251-9589-9845708F42D6}.Release|Any CPU.ActiveCfg = Release|Any CPU
		{1941C0E0-991A-4251-9589-9845708F42D6}.Release|Any CPU.Build.0 = Release|Any CPU
		{79B0D602-F483-4FD3-8CCA-09A391DC60EF}.Debug|Any CPU.ActiveCfg = Debug|Any CPU
		{79B0D602-F483-4FD3-8CCA-09A391DC60EF}.Debug|Any CPU.Build.0 = Debug|Any CPU
		{79B0D602-F483-4FD3-8CCA-09A391DC60EF}.Release|Any CPU.ActiveCfg = Release|Any CPU
		{79B0D602-F483-4FD3-8CCA-09A391DC60EF}.Release|Any CPU.Build.0 = Release|Any CPU
	EndGlobalSection
	GlobalSection(SolutionProperties) = preSolution
		HideSolutionNode = FALSE
	EndGlobalSection
	GlobalSection(ExtensibilityGlobals) = postSolution
		SolutionGuid = {A12D082C-7038-4081-8695-3D2E75B02BFB}
	EndGlobalSection
EndGlobal
